
Microsoft Visual Studio Solution File, Format Version 12.00
# Visual Studio Version 17
VisualStudioVersion = 17.14.36518.9 d17.14
MinimumVisualStudioVersion = 10.0.40219.1
Project("{FAE04EC0-301F-11D3-BF4B-00C04F79EFBC}") = "UserService", "UserService\UserService.csproj", "{BD3E7594-2FEB-4D8D-9861-8D1F1EE85D2B}"
EndProject
Global
	GlobalSection(SolutionConfigurationPlatforms) = preSolution
		Debug|Any CPU = Debug|Any CPU
		Release|Any CPU = Release|Any CPU
	EndGlobalSection
	GlobalSection(ProjectConfigurationPlatforms) = postSolution
		{BD3E7594-2FEB-4D8D-9861-8D1F1EE85D2B}.Debug|Any CPU.ActiveCfg = Debug|Any CPU
		{BD3E7594-2FEB-4D8D-9861-8D1F1EE85D2B}.Debug|Any CPU.Build.0 = Debug|Any CPU
		{BD3E7594-2FEB-4D8D-9861-8D1F1EE85D2B}.Release|Any CPU.ActiveCfg = Release|Any CPU
		{BD3E7594-2FEB-4D8D-9861-8D1F1EE85D2B}.Release|Any CPU.Build.0 = Release|Any CPU
	EndGlobalSection
	GlobalSection(SolutionProperties) = preSolution
		HideSolutionNode = FALSE
	EndGlobalSection
	GlobalSection(ExtensibilityGlobals) = postSolution
		SolutionGuid = {6552FD8E-CD6A-4B98-AFD9-3EA82B1A5DD5}
	EndGlobalSection
EndGlobal
